// !$*UTF8*$!
{
	archiveVersion = 1;
	classes = {
	};
	objectVersion = 55;
	objects = {

/* Begin PBXBuildFile section */
		1824443628127C47003C0836 /* AppDelegate.swift in Sources */ = {isa = PBXBuildFile; fileRef = 1824443528127C47003C0836 /* AppDelegate.swift */; };
		1824443828127C47003C0836 /* SceneDelegate.swift in Sources */ = {isa = PBXBuildFile; fileRef = 1824443728127C47003C0836 /* SceneDelegate.swift */; };
		1824443A28127C47003C0836 /* ViewController.swift in Sources */ = {isa = PBXBuildFile; fileRef = 1824443928127C47003C0836 /* ViewController.swift */; };
		1824443D28127C47003C0836 /* Main.storyboard in Resources */ = {isa = PBXBuildFile; fileRef = 1824443B28127C47003C0836 /* Main.storyboard */; };
		1824443F28127C48003C0836 /* Assets.xcassets in Resources */ = {isa = PBXBuildFile; fileRef = 1824443E28127C48003C0836 /* Assets.xcassets */; };
		1824444228127C48003C0836 /* LaunchScreen.storyboard in Resources */ = {isa = PBXBuildFile; fileRef = 1824444028127C48003C0836 /* LaunchScreen.storyboard */; };
		1824444D28127CEA003C0836 /* Member.swift in Sources */ = {isa = PBXBuildFile; fileRef = 1824444C28127CEA003C0836 /* Member.swift */; };
		1824444F28127CF8003C0836 /* MemberListManager.swift in Sources */ = {isa = PBXBuildFile; fileRef = 1824444E28127CF8003C0836 /* MemberListManager.swift */; };
		1824445128127FDC003C0836 /* MyTableViewCell.swift in Sources */ = {isa = PBXBuildFile; fileRef = 1824445028127FDC003C0836 /* MyTableViewCell.swift */; };
		1824445328129B29003C0836 /* DetailViewController.swift in Sources */ = {isa = PBXBuildFile; fileRef = 1824445228129B29003C0836 /* DetailViewController.swift */; };
		1824579028164821008756DB /* DetailView.swift in Sources */ = {isa = PBXBuildFile; fileRef = 1824578F28164821008756DB /* DetailView.swift */; };
/* End PBXBuildFile section */

/* Begin PBXFileReference section */
		1824443228127C47003C0836 /* MemberList_0422.app */ = {isa = PBXFileReference; explicitFileType = wrapper.application; includeInIndex = 0; path = MemberList_0422.app; sourceTree = BUILT_PRODUCTS_DIR; };
		1824443528127C47003C0836 /* AppDelegate.swift */ = {isa = PBXFileReference; lastKnownFileType = sourcecode.swift; path = AppDelegate.swift; sourceTree = "<group>"; };
		1824443728127C47003C0836 /* SceneDelegate.swift */ = {isa = PBXFileReference; lastKnownFileType = sourcecode.swift; path = SceneDelegate.swift; sourceTree = "<group>"; };
		1824443928127C47003C0836 /* ViewController.swift */ = {isa = PBXFileReference; lastKnownFileType = sourcecode.swift; path = ViewController.swift; sourceTree = "<group>"; };
		1824443C28127C47003C0836 /* Base */ = {isa = PBXFileReference; lastKnownFileType = file.storyboard; name = Base; path = Base.lproj/Main.storyboard; sourceTree = "<group>"; };
		1824443E28127C48003C0836 /* Assets.xcassets */ = {isa = PBXFileReference; lastKnownFileType = folder.assetcatalog; path = Assets.xcassets; sourceTree = "<group>"; };
		1824444128127C48003C0836 /* Base */ = {isa = PBXFileReference; lastKnownFileType = file.storyboard; name = Base; path = Base.lproj/LaunchScreen.storyboard; sourceTree = "<group>"; };
		1824444328127C48003C0836 /* Info.plist */ = {isa = PBXFileReference; lastKnownFileType = text.plist.xml; path = Info.plist; sourceTree = "<group>"; };
		1824444C28127CEA003C0836 /* Member.swift */ = {isa = PBXFileReference; lastKnownFileType = sourcecode.swift; path = Member.swift; sourceTree = "<group>"; };
		1824444E28127CF8003C0836 /* MemberListManager.swift */ = {isa = PBXFileReference; lastKnownFileType = sourcecode.swift; path = MemberListManager.swift; sourceTree = "<group>"; };
		1824445028127FDC003C0836 /* MyTableViewCell.swift */ = {isa = PBXFileReference; lastKnownFileType = sourcecode.swift; path = MyTableViewCell.swift; sourceTree = "<group>"; };
		1824445228129B29003C0836 /* DetailViewController.swift */ = {isa = PBXFileReference; lastKnownFileType = sourcecode.swift; path = DetailViewController.swift; sourceTree = "<group>"; };
		1824578F28164821008756DB /* DetailView.swift */ = {isa = PBXFileReference; lastKnownFileType = sourcecode.swift; path = DetailView.swift; sourceTree = "<group>"; };
/* End PBXFileReference section */

/* Begin PBXFrameworksBuildPhase section */
		1824442F28127C47003C0836 /* Frameworks */ = {
			isa = PBXFrameworksBuildPhase;
			buildActionMask = 2147483647;
			files = (
			);
			runOnlyForDeploymentPostprocessing = 0;
		};
/* End PBXFrameworksBuildPhase section */

/* Begin PBXGroup section */
		1824442928127C47003C0836 = {
			isa = PBXGroup;
			children = (
				1824443428127C47003C0836 /* MemberList_0422 */,
				1824443328127C47003C0836 /* Products */,
			);
			sourceTree = "<group>";
		};
		1824443328127C47003C0836 /* Products */ = {
			isa = PBXGroup;
			children = (
				1824443228127C47003C0836 /* MemberList_0422.app */,
			);
			name = Products;
			sourceTree = "<group>";
		};
		1824443428127C47003C0836 /* MemberList_0422 */ = {
			isa = PBXGroup;
			children = (
				1824443528127C47003C0836 /* AppDelegate.swift */,
				1824443728127C47003C0836 /* SceneDelegate.swift */,
				1824444928127C5A003C0836 /* Models */,
				1824444A28127C64003C0836 /* Views */,
				1824444B28127C6F003C0836 /* Controllers */,
				1824443E28127C48003C0836 /* Assets.xcassets */,
				1824444028127C48003C0836 /* LaunchScreen.storyboard */,
				1824444328127C48003C0836 /* Info.plist */,
			);
			path = MemberList_0422;
			sourceTree = "<group>";
		};
		1824444928127C5A003C0836 /* Models */ = {
			isa = PBXGroup;
			children = (
				1824444C28127CEA003C0836 /* Member.swift */,
				1824444E28127CF8003C0836 /* MemberListManager.swift */,
			);
			path = Models;
			sourceTree = "<group>";
		};
		1824444A28127C64003C0836 /* Views */ = {
			isa = PBXGroup;
			children = (
				1824443B28127C47003C0836 /* Main.storyboard */,
				1824445028127FDC003C0836 /* MyTableViewCell.swift */,
				1824578F28164821008756DB /* DetailView.swift */,
			);
			path = Views;
			sourceTree = "<group>";
		};
		1824444B28127C6F003C0836 /* Controllers */ = {
			isa = PBXGroup;
			children = (
				1824443928127C47003C0836 /* ViewController.swift */,
				1824445228129B29003C0836 /* DetailViewController.swift */,
			);
			path = Controllers;
			sourceTree = "<group>";
		};
/* End PBXGroup section */

/* Begin PBXNativeTarget section */
		1824443128127C47003C0836 /* MemberList_0422 */ = {
			isa = PBXNativeTarget;
			buildConfigurationList = 1824444628127C48003C0836 /* Build configuration list for PBXNativeTarget "MemberList_0422" */;
			buildPhases = (
				1824442E28127C47003C0836 /* Sources */,
				1824442F28127C47003C0836 /* Frameworks */,
				1824443028127C47003C0836 /* Resources */,
			);
			buildRules = (
			);
			dependencies = (
			);
			name = MemberList_0422;
			productName = MemberList_0422;
			productReference = 1824443228127C47003C0836 /* MemberList_0422.app */;
			productType = "com.apple.product-type.application";
		};
/* End PBXNativeTarget section */

/* Begin PBXProject section */
		1824442A28127C47003C0836 /* Project object */ = {
			isa = PBXProject;
			attributes = {
				BuildIndependentTargetsInParallel = 1;
				LastSwiftUpdateCheck = 1330;
				LastUpgradeCheck = 1330;
				TargetAttributes = {
					1824443128127C47003C0836 = {
						CreatedOnToolsVersion = 13.3.1;
					};
				};
			};
			buildConfigurationList = 1824442D28127C47003C0836 /* Build configuration list for PBXProject "MemberList_0422" */;
			compatibilityVersion = "Xcode 13.0";
			developmentRegion = en;
			hasScannedForEncodings = 0;
			knownRegions = (
				en,
				Base,
			);
			mainGroup = 1824442928127C47003C0836;
			productRefGroup = 1824443328127C47003C0836 /* Products */;
			projectDirPath = "";
			projectRoot = "";
			targets = (
				1824443128127C47003C0836 /* MemberList_0422 */,
			);
		};
/* End PBXProject section */

/* Begin PBXResourcesBuildPhase section */
		1824443028127C47003C0836 /* Resources */ = {
			isa = PBXResourcesBuildPhase;
			buildActionMask = 2147483647;
			files = (
				1824444228127C48003C0836 /* LaunchScreen.storyboard in Resources */,
				1824443F28127C48003C0836 /* Assets.xcassets in Resources */,
				1824443D28127C47003C0836 /* Main.storyboard in Resources */,
			);
			runOnlyForDeploymentPostprocessing = 0;
		};
/* End PBXResourcesBuildPhase section */

/* Begin PBXSourcesBuildPhase section */
		1824442E28127C47003C0836 /* Sources */ = {
			isa = PBXSourcesBuildPhase;
			buildActionMask = 2147483647;
			files = (
				1824444F28127CF8003C0836 /* MemberListManager.swift in Sources */,
				1824579028164821008756DB /* DetailView.swift in Sources */,
				1824443A28127C47003C0836 /* ViewController.swift in Sources */,
				1824443628127C47003C0836 /* AppDelegate.swift in Sources */,
				1824443828127C47003C0836 /* SceneDelegate.swift in Sources */,
				1824444D28127CEA003C0836 /* Member.swift in Sources */,
				1824445128127FDC003C0836 /* MyTableViewCell.swift in Sources */,
				1824445328129B29003C0836 /* DetailViewController.swift in Sources */,
			);
			runOnlyForDeploymentPostprocessing = 0;
		};
/* End PBXSourcesBuildPhase section */

/* Begin PBXVariantGroup section */
		1824443B28127C47003C0836 /* Main.storyboard */ = {
			isa = PBXVariantGroup;
			children = (
				1824443C28127C47003C0836 /* Base */,
			);
			name = Main.storyboard;
			sourceTree = "<group>";
		};
		1824444028127C48003C0836 /* LaunchScreen.storyboard */ = {
			isa = PBXVariantGroup;
			children = (
				1824444128127C48003C0836 /* Base */,
			);
			name = LaunchScreen.storyboard;
			sourceTree = "<group>";
		};
/* End PBXVariantGroup section */

/* Begin XCBuildConfiguration section */
		1824444428127C48003C0836 /* Debug */ = {
			isa = XCBuildConfiguration;
			buildSettings = {
				ALWAYS_SEARCH_USER_PATHS = NO;
				CLANG_ANALYZER_NONNULL = YES;
				CLANG_ANALYZER_NUMBER_OBJECT_CONVERSION = YES_AGGRESSIVE;
				CLANG_CXX_LANGUAGE_STANDARD = "gnu++17";
				CLANG_ENABLE_MODULES = YES;
				CLANG_ENABLE_OBJC_ARC = YES;
				CLANG_ENABLE_OBJC_WEAK = YES;
				CLANG_WARN_BLOCK_CAPTURE_AUTORELEASING = YES;
				CLANG_WARN_BOOL_CONVERSION = YES;
				CLANG_WARN_COMMA = YES;
				CLANG_WARN_CONSTANT_CONVERSION = YES;
				CLANG_WARN_DEPRECATED_OBJC_IMPLEMENTATIONS = YES;
				CLANG_WARN_DIRECT_OBJC_ISA_USAGE = YES_ERROR;
				CLANG_WARN_DOCUMENTATION_COMMENTS = YES;
				CLANG_WARN_EMPTY_BODY = YES;
				CLANG_WARN_ENUM_CONVERSION = YES;
				CLANG_WARN_INFINITE_RECURSION = YES;
				CLANG_WARN_INT_CONVERSION = YES;
				CLANG_WARN_NON_LITERAL_NULL_CONVERSION = YES;
				CLANG_WARN_OBJC_IMPLICIT_RETAIN_SELF = YES;
				CLANG_WARN_OBJC_LITERAL_CONVERSION = YES;
				CLANG_WARN_OBJC_ROOT_CLASS = YES_ERROR;
				CLANG_WARN_QUOTED_INCLUDE_IN_FRAMEWORK_HEADER = YES;
				CLANG_WARN_RANGE_LOOP_ANALYSIS = YES;
				CLANG_WARN_STRICT_PROTOTYPES = YES;
				CLANG_WARN_SUSPICIOUS_MOVE = YES;
				CLANG_WARN_UNGUARDED_AVAILABILITY = YES_AGGRESSIVE;
				CLANG_WARN_UNREACHABLE_CODE = YES;
				CLANG_WARN__DUPLICATE_METHOD_MATCH = YES;
				COPY_PHASE_STRIP = NO;
				DEBUG_INFORMATION_FORMAT = dwarf;
				ENABLE_STRICT_OBJC_MSGSEND = YES;
				ENABLE_TESTABILITY = YES;
				GCC_C_LANGUAGE_STANDARD = gnu11;
				GCC_DYNAMIC_NO_PIC = NO;
				GCC_NO_COMMON_BLOCKS = YES;
				GCC_OPTIMIZATION_LEVEL = 0;
				GCC_PREPROCESSOR_DEFINITIONS = (
					"DEBUG=1",
					"$(inherited)",
				);
				GCC_WARN_64_TO_32_BIT_CONVERSION = YES;
				GCC_WARN_ABOUT_RETURN_TYPE = YES_ERROR;
				GCC_WARN_UNDECLARED_SELECTOR = YES;
				GCC_WARN_UNINITIALIZED_AUTOS = YES_AGGRESSIVE;
				GCC_WARN_UNUSED_FUNCTION = YES;
				GCC_WARN_UNUSED_VARIABLE = YES;
				IPHONEOS_DEPLOYMENT_TARGET = 15.4;
				MTL_ENABLE_DEBUG_INFO = INCLUDE_SOURCE;
				MTL_FAST_MATH = YES;
				ONLY_ACTIVE_ARCH = YES;
				SDKROOT = iphoneos;
				SWIFT_ACTIVE_COMPILATION_CONDITIONS = DEBUG;
				SWIFT_OPTIMIZATION_LEVEL = "-Onone";
			};
			name = Debug;
		};
		1824444528127C48003C0836 /* Release */ = {
			isa = XCBuildConfiguration;
			buildSettings = {
				ALWAYS_SEARCH_USER_PATHS = NO;
				CLANG_ANALYZER_NONNULL = YES;
				CLANG_ANALYZER_NUMBER_OBJECT_CONVERSION = YES_AGGRESSIVE;
				CLANG_CXX_LANGUAGE_STANDARD = "gnu++17";
				CLANG_ENABLE_MODULES = YES;
				CLANG_ENABLE_OBJC_ARC = YES;
				CLANG_ENABLE_OBJC_WEAK = YES;
				CLANG_WARN_BLOCK_CAPTURE_AUTORELEASING = YES;
				CLANG_WARN_BOOL_CONVERSION = YES;
				CLANG_WARN_COMMA = YES;
				CLANG_WARN_CONSTANT_CONVERSION = YES;
				CLANG_WARN_DEPRECATED_OBJC_IMPLEMENTATIONS = YES;
				CLANG_WARN_DIRECT_OBJC_ISA_USAGE = YES_ERROR;
				CLANG_WARN_DOCUMENTATION_COMMENTS = YES;
				CLANG_WARN_EMPTY_BODY = YES;
				CLANG_WARN_ENUM_CONVERSION = YES;
				CLANG_WARN_INFINITE_RECURSION = YES;
				CLANG_WARN_INT_CONVERSION = YES;
				CLANG_WARN_NON_LITERAL_NULL_CONVERSION = YES;
				CLANG_WARN_OBJC_IMPLICIT_RETAIN_SELF = YES;
				CLANG_WARN_OBJC_LITERAL_CONVERSION = YES;
				CLANG_WARN_OBJC_ROOT_CLASS = YES_ERROR;
				CLANG_WARN_QUOTED_INCLUDE_IN_FRAMEWORK_HEADER = YES;
				CLANG_WARN_RANGE_LOOP_ANALYSIS = YES;
				CLANG_WARN_STRICT_PROTOTYPES = YES;
				CLANG_WARN_SUSPICIOUS_MOVE = YES;
				CLANG_WARN_UNGUARDED_AVAILABILITY = YES_AGGRESSIVE;
				CLANG_WARN_UNREACHABLE_CODE = YES;
				CLANG_WARN__DUPLICATE_METHOD_MATCH = YES;
				COPY_PHASE_STRIP = NO;
				DEBUG_INFORMATION_FORMAT = "dwarf-with-dsym";
				ENABLE_NS_ASSERTIONS = NO;
				ENABLE_STRICT_OBJC_MSGSEND = YES;
				GCC_C_LANGUAGE_STANDARD = gnu11;
				GCC_NO_COMMON_BLOCKS = YES;
				GCC_WARN_64_TO_32_BIT_CONVERSION = YES;
				GCC_WARN_ABOUT_RETURN_TYPE = YES_ERROR;
				GCC_WARN_UNDECLARED_SELECTOR = YES;
				GCC_WARN_UNINITIALIZED_AUTOS = YES_AGGRESSIVE;
				GCC_WARN_UNUSED_FUNCTION = YES;
				GCC_WARN_UNUSED_VARIABLE = YES;
				IPHONEOS_DEPLOYMENT_TARGET = 15.4;
				MTL_ENABLE_DEBUG_INFO = NO;
				MTL_FAST_MATH = YES;
				SDKROOT = iphoneos;
				SWIFT_COMPILATION_MODE = wholemodule;
				SWIFT_OPTIMIZATION_LEVEL = "-O";
				VALIDATE_PRODUCT = YES;
			};
			name = Release;
		};
		1824444728127C48003C0836 /* Debug */ = {
			isa = XCBuildConfiguration;
			buildSettings = {
				ASSETCATALOG_COMPILER_APPICON_NAME = AppIcon;
				ASSETCATALOG_COMPILER_GLOBAL_ACCENT_COLOR_NAME = AccentColor;
				CODE_SIGN_STYLE = Automatic;
				CURRENT_PROJECT_VERSION = 1;
				DEVELOPMENT_TEAM = 5Y43RDX3FM;
				GENERATE_INFOPLIST_FILE = YES;
				INFOPLIST_FILE = MemberList_0422/Info.plist;
				INFOPLIST_KEY_UIApplicationSupportsIndirectInputEvents = YES;
				INFOPLIST_KEY_UILaunchStoryboardName = LaunchScreen;
				INFOPLIST_KEY_UIMainStoryboardFile = Main;
				INFOPLIST_KEY_UISupportedInterfaceOrientations_iPad = "UIInterfaceOrientationPortrait UIInterfaceOrientationPortraitUpsideDown UIInterfaceOrientationLandscapeLeft UIInterfaceOrientationLandscapeRight";
				INFOPLIST_KEY_UISupportedInterfaceOrientations_iPhone = "UIInterfaceOrientationPortrait UIInterfaceOrientationLandscapeLeft UIInterfaceOrientationLandscapeRight";
				IPHONEOS_DEPLOYMENT_TARGET = 14.0;
				LD_RUNPATH_SEARCH_PATHS = (
					"$(inherited)",
					"@executable_path/Frameworks",
				);
				MARKETING_VERSION = 1.0;
				PRODUCT_BUNDLE_IDENTIFIER = "com.sy0201.MemberList-0422";
				PRODUCT_NAME = "$(TARGET_NAME)";
				SWIFT_EMIT_LOC_STRINGS = YES;
				SWIFT_VERSION = 5.0;
				TARGETED_DEVICE_FAMILY = 1;
			};
			name = Debug;
		};
		1824444828127C48003C0836 /* Release */ = {
			isa = XCBuildConfiguration;
			buildSettings = {
				ASSETCATALOG_COMPILER_APPICON_NAME = AppIcon;
				ASSETCATALOG_COMPILER_GLOBAL_ACCENT_COLOR_NAME = AccentColor;
				CODE_SIGN_STYLE = Automatic;
				CURRENT_PROJECT_VERSION = 1;
				DEVELOPMENT_TEAM = 5Y43RDX3FM;
				GENERATE_INFOPLIST_FILE = YES;
				INFOPLIST_FILE = MemberList_0422/Info.plist;
				INFOPLIST_KEY_UIApplicationSupportsIndirectInputEvents = YES;
				INFOPLIST_KEY_UILaunchStoryboardName = LaunchScreen;
				INFOPLIST_KEY_UIMainStoryboardFile = Main;
				INFOPLIST_KEY_UISupportedInterfaceOrientations_iPad = "UIInterfaceOrientationPortrait UIInterfaceOrientationPortraitUpsideDown UIInterfaceOrientationLandscapeLeft UIInterfaceOrientationLandscapeRight";
				INFOPLIST_KEY_UISupportedInterfaceOrientations_iPhone = "UIInterfaceOrientationPortrait UIInterfaceOrientationLandscapeLeft UIInterfaceOrientationLandscapeRight";
				IPHONEOS_DEPLOYMENT_TARGET = 14.0;
				LD_RUNPATH_SEARCH_PATHS = (
					"$(inherited)",
					"@executable_path/Frameworks",
				);
				MARKETING_VERSION = 1.0;
				PRODUCT_BUNDLE_IDENTIFIER = "com.sy0201.MemberList-0422";
				PRODUCT_NAME = "$(TARGET_NAME)";
				SWIFT_EMIT_LOC_STRINGS = YES;
				SWIFT_VERSION = 5.0;
				TARGETED_DEVICE_FAMILY = 1;
			};
			name = Release;
		};
/* End XCBuildConfiguration section */

/* Begin XCConfigurationList section */
		1824442D28127C47003C0836 /* Build configuration list for PBXProject "MemberList_0422" */ = {
			isa = XCConfigurationList;
			buildConfigurations = (
				1824444428127C48003C0836 /* Debug */,
				1824444528127C48003C0836 /* Release */,
			);
			defaultConfigurationIsVisible = 0;
			defaultConfigurationName = Release;
		};
		1824444628127C48003C0836 /* Build configuration list for PBXNativeTarget "MemberList_0422" */ = {
			isa = XCConfigurationList;
			buildConfigurations = (
				1824444728127C48003C0836 /* Debug */,
				1824444828127C48003C0836 /* Release */,
			);
			defaultConfigurationIsVisible = 0;
			defaultConfigurationName = Release;
		};
/* End XCConfigurationList section */
	};
	rootObject = 1824442A28127C47003C0836 /* Project object */;
}
